// !$*UTF8*$!
{
	archiveVersion = 1;
	classes = {
	};
	objectVersion = 56;
	objects = {

/* Begin PBXBuildFile section */
		48E47DC42BD883E200676C2D /* UserListApp.swift in Sources */ = {isa = PBXBuildFile; fileRef = 48E47DC32BD883E200676C2D /* UserListApp.swift */; };
		48E47DC62BD883E200676C2D /* ContentView.swift in Sources */ = {isa = PBXBuildFile; fileRef = 48E47DC52BD883E200676C2D /* ContentView.swift */; };
		48E47DC82BD883E400676C2D /* Assets.xcassets in Resources */ = {isa = PBXBuildFile; fileRef = 48E47DC72BD883E400676C2D /* Assets.xcassets */; };
		48E47DCB2BD883E400676C2D /* Preview Assets.xcassets in Resources */ = {isa = PBXBuildFile; fileRef = 48E47DCA2BD883E400676C2D /* Preview Assets.xcassets */; };
		48E47DD22BD8840C00676C2D /* User.swift in Sources */ = {isa = PBXBuildFile; fileRef = 48E47DD12BD8840C00676C2D /* User.swift */; };
		48E47DD42BD8842400676C2D /* Friend.swift in Sources */ = {isa = PBXBuildFile; fileRef = 48E47DD32BD8842400676C2D /* Friend.swift */; };
		48E47DD62BD8858C00676C2D /* Networking.swift in Sources */ = {isa = PBXBuildFile; fileRef = 48E47DD52BD8858C00676C2D /* Networking.swift */; };
		48E47DD82BD8892F00676C2D /* UserListView.swift in Sources */ = {isa = PBXBuildFile; fileRef = 48E47DD72BD8892F00676C2D /* UserListView.swift */; };
		48E47DDD2BD88A2D00676C2D /* UserDetailView.swift in Sources */ = {isa = PBXBuildFile; fileRef = 48E47DDC2BD88A2D00676C2D /* UserDetailView.swift */; };
/* End PBXBuildFile section */

/* Begin PBXFileReference section */
		48E47DC02BD883E200676C2D /* M4. UserList.app */ = {isa = PBXFileReference; explicitFileType = wrapper.application; includeInIndex = 0; path = "M4. UserList.app"; sourceTree = BUILT_PRODUCTS_DIR; };
		48E47DC32BD883E200676C2D /* UserListApp.swift */ = {isa = PBXFileReference; lastKnownFileType = sourcecode.swift; path = UserListApp.swift; sourceTree = "<group>"; };
		48E47DC52BD883E200676C2D /* ContentView.swift */ = {isa = PBXFileReference; lastKnownFileType = sourcecode.swift; path = ContentView.swift; sourceTree = "<group>"; };
		48E47DC72BD883E400676C2D /* Assets.xcassets */ = {isa = PBXFileReference; lastKnownFileType = folder.assetcatalog; path = Assets.xcassets; sourceTree = "<group>"; };
		48E47DCA2BD883E400676C2D /* Preview Assets.xcassets */ = {isa = PBXFileReference; lastKnownFileType = folder.assetcatalog; path = "Preview Assets.xcassets"; sourceTree = "<group>"; };
		48E47DD12BD8840C00676C2D /* User.swift */ = {isa = PBXFileReference; lastKnownFileType = sourcecode.swift; path = User.swift; sourceTree = "<group>"; };
		48E47DD32BD8842400676C2D /* Friend.swift */ = {isa = PBXFileReference; lastKnownFileType = sourcecode.swift; path = Friend.swift; sourceTree = "<group>"; };
		48E47DD52BD8858C00676C2D /* Networking.swift */ = {isa = PBXFileReference; lastKnownFileType = sourcecode.swift; path = Networking.swift; sourceTree = "<group>"; };
		48E47DD72BD8892F00676C2D /* UserListView.swift */ = {isa = PBXFileReference; lastKnownFileType = sourcecode.swift; path = UserListView.swift; sourceTree = "<group>"; };
		48E47DDC2BD88A2D00676C2D /* UserDetailView.swift */ = {isa = PBXFileReference; lastKnownFileType = sourcecode.swift; path = UserDetailView.swift; sourceTree = "<group>"; };
/* End PBXFileReference section */

/* Begin PBXFrameworksBuildPhase section */
		48E47DBD2BD883E200676C2D /* Frameworks */ = {
			isa = PBXFrameworksBuildPhase;
			buildActionMask = 2147483647;
			files = (
			);
			runOnlyForDeploymentPostprocessing = 0;
		};
/* End PBXFrameworksBuildPhase section */

/* Begin PBXGroup section */
		48E47DB72BD883E200676C2D = {
			isa = PBXGroup;
			children = (
				48E47DC22BD883E200676C2D /* M4. UserList */,
				48E47DC12BD883E200676C2D /* Products */,
			);
			sourceTree = "<group>";
		};
		48E47DC12BD883E200676C2D /* Products */ = {
			isa = PBXGroup;
			children = (
				48E47DC02BD883E200676C2D /* M4. UserList.app */,
			);
			name = Products;
			sourceTree = "<group>";
		};
		48E47DC22BD883E200676C2D /* M4. UserList */ = {
			isa = PBXGroup;
			children = (
				48E47DC32BD883E200676C2D /* UserListApp.swift */,
				48E47DDA2BD889FC00676C2D /* Models */,
				48E47DD92BD889F800676C2D /* Networking */,
				48E47DDB2BD88A0500676C2D /* Views */,
				48E47DC72BD883E400676C2D /* Assets.xcassets */,
				48E47DC92BD883E400676C2D /* Preview Content */,
			);
			path = "M4. UserList";
			sourceTree = "<group>";
		};
		48E47DC92BD883E400676C2D /* Preview Content */ = {
			isa = PBXGroup;
			children = (
				48E47DCA2BD883E400676C2D /* Preview Assets.xcassets */,
			);
			path = "Preview Content";
			sourceTree = "<group>";
		};
		48E47DD92BD889F800676C2D /* Networking */ = {
			isa = PBXGroup;
			children = (
				48E47DD52BD8858C00676C2D /* Networking.swift */,
			);
			path = Networking;
			sourceTree = "<group>";
		};
		48E47DDA2BD889FC00676C2D /* Models */ = {
			isa = PBXGroup;
			children = (
				48E47DD12BD8840C00676C2D /* User.swift */,
				48E47DD32BD8842400676C2D /* Friend.swift */,
			);
			path = Models;
			sourceTree = "<group>";
		};
		48E47DDB2BD88A0500676C2D /* Views */ = {
			isa = PBXGroup;
			children = (
				48E47DC52BD883E200676C2D /* ContentView.swift */,
				48E47DD72BD8892F00676C2D /* UserListView.swift */,
				48E47DDC2BD88A2D00676C2D /* UserDetailView.swift */,
			);
			path = Views;
			sourceTree = "<group>";
		};
/* End PBXGroup section */

/* Begin PBXNativeTarget section */
		48E47DBF2BD883E200676C2D /* M4. UserList */ = {
			isa = PBXNativeTarget;
			buildConfigurationList = 48E47DCE2BD883E400676C2D /* Build configuration list for PBXNativeTarget "M4. UserList" */;
			buildPhases = (
				48E47DBC2BD883E200676C2D /* Sources */,
				48E47DBD2BD883E200676C2D /* Frameworks */,
				48E47DBE2BD883E200676C2D /* Resources */,
			);
			buildRules = (
			);
			dependencies = (
			);
			name = "M4. UserList";
			productName = "M4. UserList";
			productReference = 48E47DC02BD883E200676C2D /* M4. UserList.app */;
			productType = "com.apple.product-type.application";
		};
/* End PBXNativeTarget section */

/* Begin PBXProject section */
		48E47DB82BD883E200676C2D /* Project object */ = {
			isa = PBXProject;
			attributes = {
				BuildIndependentTargetsInParallel = 1;
				LastSwiftUpdateCheck = 1530;
				LastUpgradeCheck = 1530;
				TargetAttributes = {
					48E47DBF2BD883E200676C2D = {
						CreatedOnToolsVersion = 15.3;
					};
				};
			};
			buildConfigurationList = 48E47DBB2BD883E200676C2D /* Build configuration list for PBXProject "M4. UserList" */;
			compatibilityVersion = "Xcode 14.0";
			developmentRegion = en;
			hasScannedForEncodings = 0;
			knownRegions = (
				en,
				Base,
			);
			mainGroup = 48E47DB72BD883E200676C2D;
			productRefGroup = 48E47DC12BD883E200676C2D /* Products */;
			projectDirPath = "";
			projectRoot = "";
			targets = (
				48E47DBF2BD883E200676C2D /* M4. UserList */,
			);
		};
/* End PBXProject section */

/* Begin PBXResourcesBuildPhase section */
		48E47DBE2BD883E200676C2D /* Resources */ = {
			isa = PBXResourcesBuildPhase;
			buildActionMask = 2147483647;
			files = (
				48E47DCB2BD883E400676C2D /* Preview Assets.xcassets in Resources */,
				48E47DC82BD883E400676C2D /* Assets.xcassets in Resources */,
			);
			runOnlyForDeploymentPostprocessing = 0;
		};
/* End PBXResourcesBuildPhase section */

/* Begin PBXSourcesBuildPhase section */
		48E47DBC2BD883E200676C2D /* Sources */ = {
			isa = PBXSourcesBuildPhase;
			buildActionMask = 2147483647;
			files = (
				48E47DC62BD883E200676C2D /* ContentView.swift in Sources */,
				48E47DD82BD8892F00676C2D /* UserListView.swift in Sources */,
				48E47DD62BD8858C00676C2D /* Networking.swift in Sources */,
				48E47DD22BD8840C00676C2D /* User.swift in Sources */,
				48E47DDD2BD88A2D00676C2D /* UserDetailView.swift in Sources */,
				48E47DC42BD883E200676C2D /* UserListApp.swift in Sources */,
				48E47DD42BD8842400676C2D /* Friend.swift in Sources */,
			);
			runOnlyForDeploymentPostprocessing = 0;
		};
/* End PBXSourcesBuildPhase section */

/* Begin XCBuildConfiguration section */
		48E47DCC2BD883E400676C2D /* Debug */ = {
			isa = XCBuildConfiguration;
			buildSettings = {
				ALWAYS_SEARCH_USER_PATHS = NO;
				ASSETCATALOG_COMPILER_GENERATE_SWIFT_ASSET_SYMBOL_EXTENSIONS = YES;
				CLANG_ANALYZER_NONNULL = YES;
				CLANG_ANALYZER_NUMBER_OBJECT_CONVERSION = YES_AGGRESSIVE;
				CLANG_CXX_LANGUAGE_STANDARD = "gnu++20";
				CLANG_ENABLE_MODULES = YES;
				CLANG_ENABLE_OBJC_ARC = YES;
				CLANG_ENABLE_OBJC_WEAK = YES;
				CLANG_WARN_BLOCK_CAPTURE_AUTORELEASING = YES;
				CLANG_WARN_BOOL_CONVERSION = YES;
				CLANG_WARN_COMMA = YES;
				CLANG_WARN_CONSTANT_CONVERSION = YES;
				CLANG_WARN_DEPRECATED_OBJC_IMPLEMENTATIONS = YES;
				CLANG_WARN_DIRECT_OBJC_ISA_USAGE = YES_ERROR;
				CLANG_WARN_DOCUMENTATION_COMMENTS = YES;
				CLANG_WARN_EMPTY_BODY = YES;
				CLANG_WARN_ENUM_CONVERSION = YES;
				CLANG_WARN_INFINITE_RECURSION = YES;
				CLANG_WARN_INT_CONVERSION = YES;
				CLANG_WARN_NON_LITERAL_NULL_CONVERSION = YES;
				CLANG_WARN_OBJC_IMPLICIT_RETAIN_SELF = YES;
				CLANG_WARN_OBJC_LITERAL_CONVERSION = YES;
				CLANG_WARN_OBJC_ROOT_CLASS = YES_ERROR;
				CLANG_WARN_QUOTED_INCLUDE_IN_FRAMEWORK_HEADER = YES;
				CLANG_WARN_RANGE_LOOP_ANALYSIS = YES;
				CLANG_WARN_STRICT_PROTOTYPES = YES;
				CLANG_WARN_SUSPICIOUS_MOVE = YES;
				CLANG_WARN_UNGUARDED_AVAILABILITY = YES_AGGRESSIVE;
				CLANG_WARN_UNREACHABLE_CODE = YES;
				CLANG_WARN__DUPLICATE_METHOD_MATCH = YES;
				COPY_PHASE_STRIP = NO;
				DEBUG_INFORMATION_FORMAT = dwarf;
				ENABLE_STRICT_OBJC_MSGSEND = YES;
				ENABLE_TESTABILITY = YES;
				ENABLE_USER_SCRIPT_SANDBOXING = YES;
				GCC_C_LANGUAGE_STANDARD = gnu17;
				GCC_DYNAMIC_NO_PIC = NO;
				GCC_NO_COMMON_BLOCKS = YES;
				GCC_OPTIMIZATION_LEVEL = 0;
				GCC_PREPROCESSOR_DEFINITIONS = (
					"DEBUG=1",
					"$(inherited)",
				);
				GCC_WARN_64_TO_32_BIT_CONVERSION = YES;
				GCC_WARN_ABOUT_RETURN_TYPE = YES_ERROR;
				GCC_WARN_UNDECLARED_SELECTOR = YES;
				GCC_WARN_UNINITIALIZED_AUTOS = YES_AGGRESSIVE;
				GCC_WARN_UNUSED_FUNCTION = YES;
				GCC_WARN_UNUSED_VARIABLE = YES;
				IPHONEOS_DEPLOYMENT_TARGET = 17.4;
				LOCALIZATION_PREFERS_STRING_CATALOGS = YES;
				MTL_ENABLE_DEBUG_INFO = INCLUDE_SOURCE;
				MTL_FAST_MATH = YES;
				ONLY_ACTIVE_ARCH = YES;
				SDKROOT = iphoneos;
				SWIFT_ACTIVE_COMPILATION_CONDITIONS = "DEBUG $(inherited)";
				SWIFT_OPTIMIZATION_LEVEL = "-Onone";
			};
			name = Debug;
		};
		48E47DCD2BD883E400676C2D /* Release */ = {
			isa = XCBuildConfiguration;
			buildSettings = {
				ALWAYS_SEARCH_USER_PATHS = NO;
				ASSETCATALOG_COMPILER_GENERATE_SWIFT_ASSET_SYMBOL_EXTENSIONS = YES;
				CLANG_ANALYZER_NONNULL = YES;
				CLANG_ANALYZER_NUMBER_OBJECT_CONVERSION = YES_AGGRESSIVE;
				CLANG_CXX_LANGUAGE_STANDARD = "gnu++20";
				CLANG_ENABLE_MODULES = YES;
				CLANG_ENABLE_OBJC_ARC = YES;
				CLANG_ENABLE_OBJC_WEAK = YES;
				CLANG_WARN_BLOCK_CAPTURE_AUTORELEASING = YES;
				CLANG_WARN_BOOL_CONVERSION = YES;
				CLANG_WARN_COMMA = YES;
				CLANG_WARN_CONSTANT_CONVERSION = YES;
				CLANG_WARN_DEPRECATED_OBJC_IMPLEMENTATIONS = YES;
				CLANG_WARN_DIRECT_OBJC_ISA_USAGE = YES_ERROR;
				CLANG_WARN_DOCUMENTATION_COMMENTS = YES;
				CLANG_WARN_EMPTY_BODY = YES;
				CLANG_WARN_ENUM_CONVERSION = YES;
				CLANG_WARN_INFINITE_RECURSION = YES;
				CLANG_WARN_INT_CONVERSION = YES;
				CLANG_WARN_NON_LITERAL_NULL_CONVERSION = YES;
				CLANG_WARN_OBJC_IMPLICIT_RETAIN_SELF = YES;
				CLANG_WARN_OBJC_LITERAL_CONVERSION = YES;
				CLANG_WARN_OBJC_ROOT_CLASS = YES_ERROR;
				CLANG_WARN_QUOTED_INCLUDE_IN_FRAMEWORK_HEADER = YES;
				CLANG_WARN_RANGE_LOOP_ANALYSIS = YES;
				CLANG_WARN_STRICT_PROTOTYPES = YES;
				CLANG_WARN_SUSPICIOUS_MOVE = YES;
				CLANG_WARN_UNGUARDED_AVAILABILITY = YES_AGGRESSIVE;
				CLANG_WARN_UNREACHABLE_CODE = YES;
				CLANG_WARN__DUPLICATE_METHOD_MATCH = YES;
				COPY_PHASE_STRIP = NO;
				DEBUG_INFORMATION_FORMAT = "dwarf-with-dsym";
				ENABLE_NS_ASSERTIONS = NO;
				ENABLE_STRICT_OBJC_MSGSEND = YES;
				ENABLE_USER_SCRIPT_SANDBOXING = YES;
				GCC_C_LANGUAGE_STANDARD = gnu17;
				GCC_NO_COMMON_BLOCKS = YES;
				GCC_WARN_64_TO_32_BIT_CONVERSION = YES;
				GCC_WARN_ABOUT_RETURN_TYPE = YES_ERROR;
				GCC_WARN_UNDECLARED_SELECTOR = YES;
				GCC_WARN_UNINITIALIZED_AUTOS = YES_AGGRESSIVE;
				GCC_WARN_UNUSED_FUNCTION = YES;
				GCC_WARN_UNUSED_VARIABLE = YES;
				IPHONEOS_DEPLOYMENT_TARGET = 17.4;
				LOCALIZATION_PREFERS_STRING_CATALOGS = YES;
				MTL_ENABLE_DEBUG_INFO = NO;
				MTL_FAST_MATH = YES;
				SDKROOT = iphoneos;
				SWIFT_COMPILATION_MODE = wholemodule;
				VALIDATE_PRODUCT = YES;
			};
			name = Release;
		};
		48E47DCF2BD883E400676C2D /* Debug */ = {
			isa = XCBuildConfiguration;
			buildSettings = {
				ASSETCATALOG_COMPILER_APPICON_NAME = AppIcon;
				ASSETCATALOG_COMPILER_GLOBAL_ACCENT_COLOR_NAME = AccentColor;
				CODE_SIGN_STYLE = Automatic;
				CURRENT_PROJECT_VERSION = 1;
				DEVELOPMENT_ASSET_PATHS = "\"M4. UserList/Preview Content\"";
				DEVELOPMENT_TEAM = SBCRL8SBBK;
				ENABLE_PREVIEWS = YES;
				GENERATE_INFOPLIST_FILE = YES;
				INFOPLIST_KEY_UIApplicationSceneManifest_Generation = YES;
				INFOPLIST_KEY_UIApplicationSupportsIndirectInputEvents = YES;
				INFOPLIST_KEY_UILaunchScreen_Generation = YES;
				INFOPLIST_KEY_UISupportedInterfaceOrientations_iPad = "UIInterfaceOrientationPortrait UIInterfaceOrientationPortraitUpsideDown UIInterfaceOrientationLandscapeLeft UIInterfaceOrientationLandscapeRight";
				INFOPLIST_KEY_UISupportedInterfaceOrientations_iPhone = "UIInterfaceOrientationPortrait UIInterfaceOrientationLandscapeLeft UIInterfaceOrientationLandscapeRight";
				LD_RUNPATH_SEARCH_PATHS = (
					"$(inherited)",
					"@executable_path/Frameworks",
				);
				MARKETING_VERSION = 1.0;
				PRODUCT_BUNDLE_IDENTIFIER = "kabir.M4--UserList";
				PRODUCT_NAME = "$(TARGET_NAME)";
				SWIFT_EMIT_LOC_STRINGS = YES;
				SWIFT_VERSION = 5.0;
				TARGETED_DEVICE_FAMILY = "1,2";
			};
			name = Debug;
		};
		48E47DD02BD883E400676C2D /* Release */ = {
			isa = XCBuildConfiguration;
			buildSettings = {
				ASSETCATALOG_COMPILER_APPICON_NAME = AppIcon;
				ASSETCATALOG_COMPILER_GLOBAL_ACCENT_COLOR_NAME = AccentColor;
				CODE_SIGN_STYLE = Automatic;
				CURRENT_PROJECT_VERSION = 1;
				DEVELOPMENT_ASSET_PATHS = "\"M4. UserList/Preview Content\"";
				DEVELOPMENT_TEAM = SBCRL8SBBK;
				ENABLE_PREVIEWS = YES;
				GENERATE_INFOPLIST_FILE = YES;
				INFOPLIST_KEY_UIApplicationSceneManifest_Generation = YES;
				INFOPLIST_KEY_UIApplicationSupportsIndirectInputEvents = YES;
				INFOPLIST_KEY_UILaunchScreen_Generation = YES;
				INFOPLIST_KEY_UISupportedInterfaceOrientations_iPad = "UIInterfaceOrientationPortrait UIInterfaceOrientationPortraitUpsideDown UIInterfaceOrientationLandscapeLeft UIInterfaceOrientationLandscapeRight";
				INFOPLIST_KEY_UISupportedInterfaceOrientations_iPhone = "UIInterfaceOrientationPortrait UIInterfaceOrientationLandscapeLeft UIInterfaceOrientationLandscapeRight";
				LD_RUNPATH_SEARCH_PATHS = (
					"$(inherited)",
					"@executable_path/Frameworks",
				);
				MARKETING_VERSION = 1.0;
				PRODUCT_BUNDLE_IDENTIFIER = "kabir.M4--UserList";
				PRODUCT_NAME = "$(TARGET_NAME)";
				SWIFT_EMIT_LOC_STRINGS = YES;
				SWIFT_VERSION = 5.0;
				TARGETED_DEVICE_FAMILY = "1,2";
			};
			name = Release;
		};
/* End XCBuildConfiguration section */

/* Begin XCConfigurationList section */
		48E47DBB2BD883E200676C2D /* Build configuration list for PBXProject "M4. UserList" */ = {
			isa = XCConfigurationList;
			buildConfigurations = (
				48E47DCC2BD883E400676C2D /* Debug */,
				48E47DCD2BD883E400676C2D /* Release */,
			);
			defaultConfigurationIsVisible = 0;
			defaultConfigurationName = Release;
		};
		48E47DCE2BD883E400676C2D /* Build configuration list for PBXNativeTarget "M4. UserList" */ = {
			isa = XCConfigurationList;
			buildConfigurations = (
				48E47DCF2BD883E400676C2D /* Debug */,
				48E47DD02BD883E400676C2D /* Release */,
			);
			defaultConfigurationIsVisible = 0;
			defaultConfigurationName = Release;
		};
/* End XCConfigurationList section */
	};
	rootObject = 48E47DB82BD883E200676C2D /* Project object */;
}
