// !$*UTF8*$!
{
	archiveVersion = 1;
	classes = {
	};
	objectVersion = 56;
	objects = {

/* Begin PBXBuildFile section */
		480672972BCE4F6C00F145E7 /* _8__MoonshotApp.swift in Sources */ = {isa = PBXBuildFile; fileRef = 480672962BCE4F6C00F145E7 /* _8__MoonshotApp.swift */; };
		480672992BCE4F6C00F145E7 /* ContentView.swift in Sources */ = {isa = PBXBuildFile; fileRef = 480672982BCE4F6C00F145E7 /* ContentView.swift */; };
		4806729B2BCE4F6D00F145E7 /* Assets.xcassets in Resources */ = {isa = PBXBuildFile; fileRef = 4806729A2BCE4F6D00F145E7 /* Assets.xcassets */; };
		4806729E2BCE4F6D00F145E7 /* Preview Assets.xcassets in Resources */ = {isa = PBXBuildFile; fileRef = 4806729D2BCE4F6D00F145E7 /* Preview Assets.xcassets */; };
		4869D49E2BD0A91000BDD99C /* GridLayout.swift in Sources */ = {isa = PBXBuildFile; fileRef = 4869D49D2BD0A91000BDD99C /* GridLayout.swift */; };
		4869D4A02BD0A98B00BDD99C /* ListLayout.swift in Sources */ = {isa = PBXBuildFile; fileRef = 4869D49F2BD0A98B00BDD99C /* ListLayout.swift */; };
		486CCDCE2BD07C9700591503 /* astronauts.json in Resources */ = {isa = PBXBuildFile; fileRef = 486CCDCC2BD07C9700591503 /* astronauts.json */; };
		486CCDCF2BD07C9700591503 /* missions.json in Resources */ = {isa = PBXBuildFile; fileRef = 486CCDCD2BD07C9700591503 /* missions.json */; };
		486CCDD12BD07D6600591503 /* Astronaut.swift in Sources */ = {isa = PBXBuildFile; fileRef = 486CCDD02BD07D6600591503 /* Astronaut.swift */; };
		486CCDD32BD07DAA00591503 /* Bundle-Decodable.swift in Sources */ = {isa = PBXBuildFile; fileRef = 486CCDD22BD07DAA00591503 /* Bundle-Decodable.swift */; };
		486CCDD52BD07E7900591503 /* Mission.swift in Sources */ = {isa = PBXBuildFile; fileRef = 486CCDD42BD07E7900591503 /* Mission.swift */; };
		486CCDD72BD0979900591503 /* Color-Theme.swift in Sources */ = {isa = PBXBuildFile; fileRef = 486CCDD62BD0979900591503 /* Color-Theme.swift */; };
		486CCDD92BD0988800591503 /* MissionView.swift in Sources */ = {isa = PBXBuildFile; fileRef = 486CCDD82BD0988800591503 /* MissionView.swift */; };
		486CCDDB2BD09A8300591503 /* AstronautView.swift in Sources */ = {isa = PBXBuildFile; fileRef = 486CCDDA2BD09A8300591503 /* AstronautView.swift */; };
/* End PBXBuildFile section */

/* Begin PBXFileReference section */
		480672932BCE4F6C00F145E7 /* 08. Moonshot.app */ = {isa = PBXFileReference; explicitFileType = wrapper.application; includeInIndex = 0; path = "08. Moonshot.app"; sourceTree = BUILT_PRODUCTS_DIR; };
		480672962BCE4F6C00F145E7 /* _8__MoonshotApp.swift */ = {isa = PBXFileReference; lastKnownFileType = sourcecode.swift; path = _8__MoonshotApp.swift; sourceTree = "<group>"; };
		480672982BCE4F6C00F145E7 /* ContentView.swift */ = {isa = PBXFileReference; lastKnownFileType = sourcecode.swift; path = ContentView.swift; sourceTree = "<group>"; };
		4806729A2BCE4F6D00F145E7 /* Assets.xcassets */ = {isa = PBXFileReference; lastKnownFileType = folder.assetcatalog; path = Assets.xcassets; sourceTree = "<group>"; };
		4806729D2BCE4F6D00F145E7 /* Preview Assets.xcassets */ = {isa = PBXFileReference; lastKnownFileType = folder.assetcatalog; path = "Preview Assets.xcassets"; sourceTree = "<group>"; };
		4869D49D2BD0A91000BDD99C /* GridLayout.swift */ = {isa = PBXFileReference; lastKnownFileType = sourcecode.swift; path = GridLayout.swift; sourceTree = "<group>"; };
		4869D49F2BD0A98B00BDD99C /* ListLayout.swift */ = {isa = PBXFileReference; lastKnownFileType = sourcecode.swift; path = ListLayout.swift; sourceTree = "<group>"; };
		486CCDCC2BD07C9700591503 /* astronauts.json */ = {isa = PBXFileReference; fileEncoding = 4; lastKnownFileType = text.json; path = astronauts.json; sourceTree = "<group>"; };
		486CCDCD2BD07C9700591503 /* missions.json */ = {isa = PBXFileReference; fileEncoding = 4; lastKnownFileType = text.json; path = missions.json; sourceTree = "<group>"; };
		486CCDD02BD07D6600591503 /* Astronaut.swift */ = {isa = PBXFileReference; lastKnownFileType = sourcecode.swift; path = Astronaut.swift; sourceTree = "<group>"; };
		486CCDD22BD07DAA00591503 /* Bundle-Decodable.swift */ = {isa = PBXFileReference; lastKnownFileType = sourcecode.swift; path = "Bundle-Decodable.swift"; sourceTree = "<group>"; };
		486CCDD42BD07E7900591503 /* Mission.swift */ = {isa = PBXFileReference; lastKnownFileType = sourcecode.swift; path = Mission.swift; sourceTree = "<group>"; };
		486CCDD62BD0979900591503 /* Color-Theme.swift */ = {isa = PBXFileReference; lastKnownFileType = sourcecode.swift; path = "Color-Theme.swift"; sourceTree = "<group>"; };
		486CCDD82BD0988800591503 /* MissionView.swift */ = {isa = PBXFileReference; lastKnownFileType = sourcecode.swift; path = MissionView.swift; sourceTree = "<group>"; };
		486CCDDA2BD09A8300591503 /* AstronautView.swift */ = {isa = PBXFileReference; lastKnownFileType = sourcecode.swift; path = AstronautView.swift; sourceTree = "<group>"; };
/* End PBXFileReference section */

/* Begin PBXFrameworksBuildPhase section */
		480672902BCE4F6C00F145E7 /* Frameworks */ = {
			isa = PBXFrameworksBuildPhase;
			buildActionMask = 2147483647;
			files = (
			);
			runOnlyForDeploymentPostprocessing = 0;
		};
/* End PBXFrameworksBuildPhase section */

/* Begin PBXGroup section */
		4806728A2BCE4F6C00F145E7 = {
			isa = PBXGroup;
			children = (
				4869D49F2BD0A98B00BDD99C /* ListLayout.swift */,
				4869D49D2BD0A91000BDD99C /* GridLayout.swift */,
				480672952BCE4F6C00F145E7 /* 08. Moonshot */,
				480672942BCE4F6C00F145E7 /* Products */,
			);
			sourceTree = "<group>";
		};
		480672942BCE4F6C00F145E7 /* Products */ = {
			isa = PBXGroup;
			children = (
				480672932BCE4F6C00F145E7 /* 08. Moonshot.app */,
			);
			name = Products;
			sourceTree = "<group>";
		};
		480672952BCE4F6C00F145E7 /* 08. Moonshot */ = {
			isa = PBXGroup;
			children = (
				480672962BCE4F6C00F145E7 /* _8__MoonshotApp.swift */,
				486CCDDC2BD09A9100591503 /* Views */,
				486CCDDD2BD09AA600591503 /* Models */,
				486CCDDE2BD09AB000591503 /* Extensions */,
				4806729A2BCE4F6D00F145E7 /* Assets.xcassets */,
				486CCDCC2BD07C9700591503 /* astronauts.json */,
				486CCDCD2BD07C9700591503 /* missions.json */,
				4806729C2BCE4F6D00F145E7 /* Preview Content */,
			);
			path = "08. Moonshot";
			sourceTree = "<group>";
		};
		4806729C2BCE4F6D00F145E7 /* Preview Content */ = {
			isa = PBXGroup;
			children = (
				4806729D2BCE4F6D00F145E7 /* Preview Assets.xcassets */,
			);
			path = "Preview Content";
			sourceTree = "<group>";
		};
		486CCDDC2BD09A9100591503 /* Views */ = {
			isa = PBXGroup;
			children = (
				480672982BCE4F6C00F145E7 /* ContentView.swift */,
				486CCDD82BD0988800591503 /* MissionView.swift */,
				486CCDDA2BD09A8300591503 /* AstronautView.swift */,
			);
			path = Views;
			sourceTree = "<group>";
		};
		486CCDDD2BD09AA600591503 /* Models */ = {
			isa = PBXGroup;
			children = (
				486CCDD02BD07D6600591503 /* Astronaut.swift */,
				486CCDD42BD07E7900591503 /* Mission.swift */,
			);
			path = Models;
			sourceTree = "<group>";
		};
		486CCDDE2BD09AB000591503 /* Extensions */ = {
			isa = PBXGroup;
			children = (
				486CCDD22BD07DAA00591503 /* Bundle-Decodable.swift */,
				486CCDD62BD0979900591503 /* Color-Theme.swift */,
			);
			path = Extensions;
			sourceTree = "<group>";
		};
/* End PBXGroup section */

/* Begin PBXNativeTarget section */
		480672922BCE4F6C00F145E7 /* 08. Moonshot */ = {
			isa = PBXNativeTarget;
			buildConfigurationList = 480672A12BCE4F6D00F145E7 /* Build configuration list for PBXNativeTarget "08. Moonshot" */;
			buildPhases = (
				4806728F2BCE4F6C00F145E7 /* Sources */,
				480672902BCE4F6C00F145E7 /* Frameworks */,
				480672912BCE4F6C00F145E7 /* Resources */,
			);
			buildRules = (
			);
			dependencies = (
			);
			name = "08. Moonshot";
			productName = "08. Moonshot";
			productReference = 480672932BCE4F6C00F145E7 /* 08. Moonshot.app */;
			productType = "com.apple.product-type.application";
		};
/* End PBXNativeTarget section */

/* Begin PBXProject section */
		4806728B2BCE4F6C00F145E7 /* Project object */ = {
			isa = PBXProject;
			attributes = {
				BuildIndependentTargetsInParallel = 1;
				LastSwiftUpdateCheck = 1530;
				LastUpgradeCheck = 1530;
				TargetAttributes = {
					480672922BCE4F6C00F145E7 = {
						CreatedOnToolsVersion = 15.3;
					};
				};
			};
			buildConfigurationList = 4806728E2BCE4F6C00F145E7 /* Build configuration list for PBXProject "08. Moonshot" */;
			compatibilityVersion = "Xcode 14.0";
			developmentRegion = en;
			hasScannedForEncodings = 0;
			knownRegions = (
				en,
				Base,
			);
			mainGroup = 4806728A2BCE4F6C00F145E7;
			productRefGroup = 480672942BCE4F6C00F145E7 /* Products */;
			projectDirPath = "";
			projectRoot = "";
			targets = (
				480672922BCE4F6C00F145E7 /* 08. Moonshot */,
			);
		};
/* End PBXProject section */

/* Begin PBXResourcesBuildPhase section */
		480672912BCE4F6C00F145E7 /* Resources */ = {
			isa = PBXResourcesBuildPhase;
			buildActionMask = 2147483647;
			files = (
				486CCDCE2BD07C9700591503 /* astronauts.json in Resources */,
				4806729E2BCE4F6D00F145E7 /* Preview Assets.xcassets in Resources */,
				486CCDCF2BD07C9700591503 /* missions.json in Resources */,
				4806729B2BCE4F6D00F145E7 /* Assets.xcassets in Resources */,
			);
			runOnlyForDeploymentPostprocessing = 0;
		};
/* End PBXResourcesBuildPhase section */

/* Begin PBXSourcesBuildPhase section */
		4806728F2BCE4F6C00F145E7 /* Sources */ = {
			isa = PBXSourcesBuildPhase;
			buildActionMask = 2147483647;
			files = (
				486CCDD92BD0988800591503 /* MissionView.swift in Sources */,
				486CCDD12BD07D6600591503 /* Astronaut.swift in Sources */,
				486CCDDB2BD09A8300591503 /* AstronautView.swift in Sources */,
				4869D4A02BD0A98B00BDD99C /* ListLayout.swift in Sources */,
				486CCDD72BD0979900591503 /* Color-Theme.swift in Sources */,
				480672992BCE4F6C00F145E7 /* ContentView.swift in Sources */,
				480672972BCE4F6C00F145E7 /* _8__MoonshotApp.swift in Sources */,
				4869D49E2BD0A91000BDD99C /* GridLayout.swift in Sources */,
				486CCDD52BD07E7900591503 /* Mission.swift in Sources */,
				486CCDD32BD07DAA00591503 /* Bundle-Decodable.swift in Sources */,
			);
			runOnlyForDeploymentPostprocessing = 0;
		};
/* End PBXSourcesBuildPhase section */

/* Begin XCBuildConfiguration section */
		4806729F2BCE4F6D00F145E7 /* Debug */ = {
			isa = XCBuildConfiguration;
			buildSettings = {
				ALWAYS_SEARCH_USER_PATHS = NO;
				ASSETCATALOG_COMPILER_GENERATE_SWIFT_ASSET_SYMBOL_EXTENSIONS = YES;
				CLANG_ANALYZER_NONNULL = YES;
				CLANG_ANALYZER_NUMBER_OBJECT_CONVERSION = YES_AGGRESSIVE;
				CLANG_CXX_LANGUAGE_STANDARD = "gnu++20";
				CLANG_ENABLE_MODULES = YES;
				CLANG_ENABLE_OBJC_ARC = YES;
				CLANG_ENABLE_OBJC_WEAK = YES;
				CLANG_WARN_BLOCK_CAPTURE_AUTORELEASING = YES;
				CLANG_WARN_BOOL_CONVERSION = YES;
				CLANG_WARN_COMMA = YES;
				CLANG_WARN_CONSTANT_CONVERSION = YES;
				CLANG_WARN_DEPRECATED_OBJC_IMPLEMENTATIONS = YES;
				CLANG_WARN_DIRECT_OBJC_ISA_USAGE = YES_ERROR;
				CLANG_WARN_DOCUMENTATION_COMMENTS = YES;
				CLANG_WARN_EMPTY_BODY = YES;
				CLANG_WARN_ENUM_CONVERSION = YES;
				CLANG_WARN_INFINITE_RECURSION = YES;
				CLANG_WARN_INT_CONVERSION = YES;
				CLANG_WARN_NON_LITERAL_NULL_CONVERSION = YES;
				CLANG_WARN_OBJC_IMPLICIT_RETAIN_SELF = YES;
				CLANG_WARN_OBJC_LITERAL_CONVERSION = YES;
				CLANG_WARN_OBJC_ROOT_CLASS = YES_ERROR;
				CLANG_WARN_QUOTED_INCLUDE_IN_FRAMEWORK_HEADER = YES;
				CLANG_WARN_RANGE_LOOP_ANALYSIS = YES;
				CLANG_WARN_STRICT_PROTOTYPES = YES;
				CLANG_WARN_SUSPICIOUS_MOVE = YES;
				CLANG_WARN_UNGUARDED_AVAILABILITY = YES_AGGRESSIVE;
				CLANG_WARN_UNREACHABLE_CODE = YES;
				CLANG_WARN__DUPLICATE_METHOD_MATCH = YES;
				COPY_PHASE_STRIP = NO;
				DEBUG_INFORMATION_FORMAT = dwarf;
				ENABLE_STRICT_OBJC_MSGSEND = YES;
				ENABLE_TESTABILITY = YES;
				ENABLE_USER_SCRIPT_SANDBOXING = YES;
				GCC_C_LANGUAGE_STANDARD = gnu17;
				GCC_DYNAMIC_NO_PIC = NO;
				GCC_NO_COMMON_BLOCKS = YES;
				GCC_OPTIMIZATION_LEVEL = 0;
				GCC_PREPROCESSOR_DEFINITIONS = (
					"DEBUG=1",
					"$(inherited)",
				);
				GCC_WARN_64_TO_32_BIT_CONVERSION = YES;
				GCC_WARN_ABOUT_RETURN_TYPE = YES_ERROR;
				GCC_WARN_UNDECLARED_SELECTOR = YES;
				GCC_WARN_UNINITIALIZED_AUTOS = YES_AGGRESSIVE;
				GCC_WARN_UNUSED_FUNCTION = YES;
				GCC_WARN_UNUSED_VARIABLE = YES;
				IPHONEOS_DEPLOYMENT_TARGET = 17.4;
				LOCALIZATION_PREFERS_STRING_CATALOGS = YES;
				MTL_ENABLE_DEBUG_INFO = INCLUDE_SOURCE;
				MTL_FAST_MATH = YES;
				ONLY_ACTIVE_ARCH = YES;
				SDKROOT = iphoneos;
				SWIFT_ACTIVE_COMPILATION_CONDITIONS = "DEBUG $(inherited)";
				SWIFT_OPTIMIZATION_LEVEL = "-Onone";
			};
			name = Debug;
		};
		480672A02BCE4F6D00F145E7 /* Release */ = {
			isa = XCBuildConfiguration;
			buildSettings = {
				ALWAYS_SEARCH_USER_PATHS = NO;
				ASSETCATALOG_COMPILER_GENERATE_SWIFT_ASSET_SYMBOL_EXTENSIONS = YES;
				CLANG_ANALYZER_NONNULL = YES;
				CLANG_ANALYZER_NUMBER_OBJECT_CONVERSION = YES_AGGRESSIVE;
				CLANG_CXX_LANGUAGE_STANDARD = "gnu++20";
				CLANG_ENABLE_MODULES = YES;
				CLANG_ENABLE_OBJC_ARC = YES;
				CLANG_ENABLE_OBJC_WEAK = YES;
				CLANG_WARN_BLOCK_CAPTURE_AUTORELEASING = YES;
				CLANG_WARN_BOOL_CONVERSION = YES;
				CLANG_WARN_COMMA = YES;
				CLANG_WARN_CONSTANT_CONVERSION = YES;
				CLANG_WARN_DEPRECATED_OBJC_IMPLEMENTATIONS = YES;
				CLANG_WARN_DIRECT_OBJC_ISA_USAGE = YES_ERROR;
				CLANG_WARN_DOCUMENTATION_COMMENTS = YES;
				CLANG_WARN_EMPTY_BODY = YES;
				CLANG_WARN_ENUM_CONVERSION = YES;
				CLANG_WARN_INFINITE_RECURSION = YES;
				CLANG_WARN_INT_CONVERSION = YES;
				CLANG_WARN_NON_LITERAL_NULL_CONVERSION = YES;
				CLANG_WARN_OBJC_IMPLICIT_RETAIN_SELF = YES;
				CLANG_WARN_OBJC_LITERAL_CONVERSION = YES;
				CLANG_WARN_OBJC_ROOT_CLASS = YES_ERROR;
				CLANG_WARN_QUOTED_INCLUDE_IN_FRAMEWORK_HEADER = YES;
				CLANG_WARN_RANGE_LOOP_ANALYSIS = YES;
				CLANG_WARN_STRICT_PROTOTYPES = YES;
				CLANG_WARN_SUSPICIOUS_MOVE = YES;
				CLANG_WARN_UNGUARDED_AVAILABILITY = YES_AGGRESSIVE;
				CLANG_WARN_UNREACHABLE_CODE = YES;
				CLANG_WARN__DUPLICATE_METHOD_MATCH = YES;
				COPY_PHASE_STRIP = NO;
				DEBUG_INFORMATION_FORMAT = "dwarf-with-dsym";
				ENABLE_NS_ASSERTIONS = NO;
				ENABLE_STRICT_OBJC_MSGSEND = YES;
				ENABLE_USER_SCRIPT_SANDBOXING = YES;
				GCC_C_LANGUAGE_STANDARD = gnu17;
				GCC_NO_COMMON_BLOCKS = YES;
				GCC_WARN_64_TO_32_BIT_CONVERSION = YES;
				GCC_WARN_ABOUT_RETURN_TYPE = YES_ERROR;
				GCC_WARN_UNDECLARED_SELECTOR = YES;
				GCC_WARN_UNINITIALIZED_AUTOS = YES_AGGRESSIVE;
				GCC_WARN_UNUSED_FUNCTION = YES;
				GCC_WARN_UNUSED_VARIABLE = YES;
				IPHONEOS_DEPLOYMENT_TARGET = 17.4;
				LOCALIZATION_PREFERS_STRING_CATALOGS = YES;
				MTL_ENABLE_DEBUG_INFO = NO;
				MTL_FAST_MATH = YES;
				SDKROOT = iphoneos;
				SWIFT_COMPILATION_MODE = wholemodule;
				VALIDATE_PRODUCT = YES;
			};
			name = Release;
		};
		480672A22BCE4F6D00F145E7 /* Debug */ = {
			isa = XCBuildConfiguration;
			buildSettings = {
				ASSETCATALOG_COMPILER_APPICON_NAME = AppIcon;
				ASSETCATALOG_COMPILER_GLOBAL_ACCENT_COLOR_NAME = AccentColor;
				CODE_SIGN_STYLE = Automatic;
				CURRENT_PROJECT_VERSION = 1;
				DEVELOPMENT_ASSET_PATHS = "\"08. Moonshot/Preview Content\"";
				DEVELOPMENT_TEAM = SBCRL8SBBK;
				ENABLE_PREVIEWS = YES;
				GENERATE_INFOPLIST_FILE = YES;
				INFOPLIST_KEY_UIApplicationSceneManifest_Generation = YES;
				INFOPLIST_KEY_UIApplicationSupportsIndirectInputEvents = YES;
				INFOPLIST_KEY_UILaunchScreen_Generation = YES;
				INFOPLIST_KEY_UISupportedInterfaceOrientations_iPad = "UIInterfaceOrientationPortrait UIInterfaceOrientationPortraitUpsideDown UIInterfaceOrientationLandscapeLeft UIInterfaceOrientationLandscapeRight";
				INFOPLIST_KEY_UISupportedInterfaceOrientations_iPhone = "UIInterfaceOrientationPortrait UIInterfaceOrientationLandscapeLeft UIInterfaceOrientationLandscapeRight";
				LD_RUNPATH_SEARCH_PATHS = (
					"$(inherited)",
					"@executable_path/Frameworks",
				);
				MARKETING_VERSION = 1.0;
				PRODUCT_BUNDLE_IDENTIFIER = "kabir.-8--Moonshot";
				PRODUCT_NAME = "$(TARGET_NAME)";
				SWIFT_EMIT_LOC_STRINGS = YES;
				SWIFT_VERSION = 5.0;
				TARGETED_DEVICE_FAMILY = "1,2";
			};
			name = Debug;
		};
		480672A32BCE4F6D00F145E7 /* Release */ = {
			isa = XCBuildConfiguration;
			buildSettings = {
				ASSETCATALOG_COMPILER_APPICON_NAME = AppIcon;
				ASSETCATALOG_COMPILER_GLOBAL_ACCENT_COLOR_NAME = AccentColor;
				CODE_SIGN_STYLE = Automatic;
				CURRENT_PROJECT_VERSION = 1;
				DEVELOPMENT_ASSET_PATHS = "\"08. Moonshot/Preview Content\"";
				DEVELOPMENT_TEAM = SBCRL8SBBK;
				ENABLE_PREVIEWS = YES;
				GENERATE_INFOPLIST_FILE = YES;
				INFOPLIST_KEY_UIApplicationSceneManifest_Generation = YES;
				INFOPLIST_KEY_UIApplicationSupportsIndirectInputEvents = YES;
				INFOPLIST_KEY_UILaunchScreen_Generation = YES;
				INFOPLIST_KEY_UISupportedInterfaceOrientations_iPad = "UIInterfaceOrientationPortrait UIInterfaceOrientationPortraitUpsideDown UIInterfaceOrientationLandscapeLeft UIInterfaceOrientationLandscapeRight";
				INFOPLIST_KEY_UISupportedInterfaceOrientations_iPhone = "UIInterfaceOrientationPortrait UIInterfaceOrientationLandscapeLeft UIInterfaceOrientationLandscapeRight";
				LD_RUNPATH_SEARCH_PATHS = (
					"$(inherited)",
					"@executable_path/Frameworks",
				);
				MARKETING_VERSION = 1.0;
				PRODUCT_BUNDLE_IDENTIFIER = "kabir.-8--Moonshot";
				PRODUCT_NAME = "$(TARGET_NAME)";
				SWIFT_EMIT_LOC_STRINGS = YES;
				SWIFT_VERSION = 5.0;
				TARGETED_DEVICE_FAMILY = "1,2";
			};
			name = Release;
		};
/* End XCBuildConfiguration section */

/* Begin XCConfigurationList section */
		4806728E2BCE4F6C00F145E7 /* Build configuration list for PBXProject "08. Moonshot" */ = {
			isa = XCConfigurationList;
			buildConfigurations = (
				4806729F2BCE4F6D00F145E7 /* Debug */,
				480672A02BCE4F6D00F145E7 /* Release */,
			);
			defaultConfigurationIsVisible = 0;
			defaultConfigurationName = Release;
		};
		480672A12BCE4F6D00F145E7 /* Build configuration list for PBXNativeTarget "08. Moonshot" */ = {
			isa = XCConfigurationList;
			buildConfigurations = (
				480672A22BCE4F6D00F145E7 /* Debug */,
				480672A32BCE4F6D00F145E7 /* Release */,
			);
			defaultConfigurationIsVisible = 0;
			defaultConfigurationName = Release;
		};
/* End XCConfigurationList section */
	};
	rootObject = 4806728B2BCE4F6C00F145E7 /* Project object */;
}
